
Microsoft Visual Studio Solution File, Format Version 12.00
# Visual Studio 15
VisualStudioVersion = 15.0.27130.2027
MinimumVisualStudioVersion = 10.0.40219.1
Project("{FAE04EC0-301F-11D3-BF4B-00C04F79EFBC}") = "RssFeedReader", "RssFeedReader\RssFeedReader.csproj", "{FB63942E-06E3-47E4-9921-AF18E036A4F4}"
EndProject
Global
	GlobalSection(SolutionConfigurationPlatforms) = preSolution
		Debug|Any CPU = Debug|Any CPU
		Release|Any CPU = Release|Any CPU
	EndGlobalSection
	GlobalSection(ProjectConfigurationPlatforms) = postSolution
		{FB63942E-06E3-47E4-9921-AF18E036A4F4}.Debug|Any CPU.ActiveCfg = Debug|Any CPU
		{FB63942E-06E3-47E4-9921-AF18E036A4F4}.Debug|Any CPU.Build.0 = Debug|Any CPU
		{FB63942E-06E3-47E4-9921-AF18E036A4F4}.Release|Any CPU.ActiveCfg = Release|Any CPU
		{FB63942E-06E3-47E4-9921-AF18E036A4F4}.Release|Any CPU.Build.0 = Release|Any CPU
	EndGlobalSection
	GlobalSection(SolutionProperties) = preSolution
		HideSolutionNode = FALSE
	EndGlobalSection
	GlobalSection(ExtensibilityGlobals) = postSolution
		SolutionGuid = {21023C1C-3B83-4E03-B855-CB7A88B0884B}
	EndGlobalSection
EndGlobal
